
Microsoft Visual Studio Solution File, Format Version 12.00
# Visual Studio Version 17
VisualStudioVersion = 17.4.33110.190
MinimumVisualStudioVersion = 10.0.40219.1
Project("{FAE04EC0-301F-11D3-BF4B-00C04F79EFBC}") = "RocketArm_3.0", "RocketArm_3.0.csproj", "{BE10005E-573A-4E64-A15F-27C03EC3A574}"
EndProject
Global
	GlobalSection(SolutionConfigurationPlatforms) = preSolution
		Debug|Any CPU = Debug|Any CPU
		Release|Any CPU = Release|Any CPU
	EndGlobalSection
	GlobalSection(ProjectConfigurationPlatforms) = postSolution
		{BE10005E-573A-4E64-A15F-27C03EC3A574}.Debug|Any CPU.ActiveCfg = Debug|Any CPU
		{BE10005E-573A-4E64-A15F-27C03EC3A574}.Debug|Any CPU.Build.0 = Debug|Any CPU
		{BE10005E-573A-4E64-A15F-27C03EC3A574}.Release|Any CPU.ActiveCfg = Release|Any CPU
		{BE10005E-573A-4E64-A15F-27C03EC3A574}.Release|Any CPU.Build.0 = Release|Any CPU
	EndGlobalSection
	GlobalSection(SolutionProperties) = preSolution
		HideSolutionNode = FALSE
	EndGlobalSection
	GlobalSection(ExtensibilityGlobals) = postSolution
		SolutionGuid = {7EE3E4FE-7507-47BA-AB1B-4FC7A0F4386D}
	EndGlobalSection
EndGlobal
